
Microsoft Visual Studio Solution File, Format Version 12.00
# Visual Studio Version 17
VisualStudioVersion = 17.4.33205.214
MinimumVisualStudioVersion = 10.0.40219.1
Project("{FAE04EC0-301F-11D3-BF4B-00C04F79EFBC}") = "Servicio-IVCSCS.Sivigila", "Servicio-IVCSCS.Sivigila\Servicio-IVCSCS.Sivigila.csproj", "{CEF05DC9-38B2-4494-8DF8-A2717FE81771}"
EndProject
Global
	GlobalSection(SolutionConfigurationPlatforms) = preSolution
		Debug|Any CPU = Debug|Any CPU
		Release|Any CPU = Release|Any CPU
	EndGlobalSection
	GlobalSection(ProjectConfigurationPlatforms) = postSolution
		{CEF05DC9-38B2-4494-8DF8-A2717FE81771}.Debug|Any CPU.ActiveCfg = Debug|Any CPU
		{CEF05DC9-38B2-4494-8DF8-A2717FE81771}.Debug|Any CPU.Build.0 = Debug|Any CPU
		{CEF05DC9-38B2-4494-8DF8-A2717FE81771}.Release|Any CPU.ActiveCfg = Release|Any CPU
		{CEF05DC9-38B2-4494-8DF8-A2717FE81771}.Release|Any CPU.Build.0 = Release|Any CPU
	EndGlobalSection
	GlobalSection(SolutionProperties) = preSolution
		HideSolutionNode = FALSE
	EndGlobalSection
	GlobalSection(ExtensibilityGlobals) = postSolution
		SolutionGuid = {F04BB70D-F1E9-4E90-9AC5-5A0A113DF7DB}
	EndGlobalSection
EndGlobal
